
Microsoft Visual Studio Solution File, Format Version 12.00
# Visual Studio 15
VisualStudioVersion = 15.0.27703.2042
MinimumVisualStudioVersion = 10.0.40219.1
Project("{2150E333-8FDC-42A3-9474-1A3956D46DE8}") = "src", "src", "{042D85CE-8A29-41ED-ACBE-0305F61AABB4}"
EndProject
Project("{9A19103F-16F7-4668-BE54-9A1E7A4F7556}") = "MBW.Utilities.ReflectedCast", "src\MBW.Utilities.ReflectedCast\MBW.Utilities.ReflectedCast.csproj", "{F0F14D59-0767-420A-A81A-A123B55071EE}"
EndProject
Project("{9A19103F-16F7-4668-BE54-9A1E7A4F7556}") = "MBW.Utilities.ReflectedCast.Tests", "src\MBW.Utilities.ReflectedCast.Tests\MBW.Utilities.ReflectedCast.Tests.csproj", "{86C027D1-0F37-4830-A761-F2770E9A7629}"
EndProject
Project("{9A19103F-16F7-4668-BE54-9A1E7A4F7556}") = "TestApp", "src\TestApp\TestApp.csproj", "{C3F42479-0B24-45D8-AE23-C023C40337E8}"
EndProject
Project("{2150E333-8FDC-42A3-9474-1A3956D46DE8}") = "Solution Items", "Solution Items", "{51438EEB-2BBB-49FB-9820-0B72D2B5A7EE}"
	ProjectSection(SolutionItems) = preProject
		.gitlab-ci.yml = .gitlab-ci.yml
		README.md = README.md
	EndProjectSection
EndProject
Project("{2150E333-8FDC-42A3-9474-1A3956D46DE8}") = "imports", "imports", "{54EEDE52-01A1-4A0A-BF4C-DAB8E0A24335}"
	ProjectSection(SolutionItems) = preProject
		imports\_Properties.targets = imports\_Properties.targets
		imports\_SourceLink.targets = imports\_SourceLink.targets
		imports\Library.targets = imports\Library.targets
		imports\Test.targets = imports\Test.targets
	EndProjectSection
EndProject
Global
	GlobalSection(SolutionConfigurationPlatforms) = preSolution
		Debug|Any CPU = Debug|Any CPU
		Debug|x64 = Debug|x64
		Debug|x86 = Debug|x86
		Release|Any CPU = Release|Any CPU
		Release|x64 = Release|x64
		Release|x86 = Release|x86
	EndGlobalSection
	GlobalSection(ProjectConfigurationPlatforms) = postSolution
		{F0F14D59-0767-420A-A81A-A123B55071EE}.Debug|Any CPU.ActiveCfg = Debug|Any CPU
		{F0F14D59-0767-420A-A81A-A123B55071EE}.Debug|Any CPU.Build.0 = Debug|Any CPU
		{F0F14D59-0767-420A-A81A-A123B55071EE}.Debug|x64.ActiveCfg = Debug|Any CPU
		{F0F14D59-0767-420A-A81A-A123B55071EE}.Debug|x64.Build.0 = Debug|Any CPU
		{F0F14D59-0767-420A-A81A-A123B55071EE}.Debug|x86.ActiveCfg = Debug|Any CPU
		{F0F14D59-0767-420A-A81A-A123B55071EE}.Debug|x86.Build.0 = Debug|Any CPU
		{F0F14D59-0767-420A-A81A-A123B55071EE}.Release|Any CPU.ActiveCfg = Release|Any CPU
		{F0F14D59-0767-420A-A81A-A123B55071EE}.Release|Any CPU.Build.0 = Release|Any CPU
		{F0F14D59-0767-420A-A81A-A123B55071EE}.Release|x64.ActiveCfg = Release|Any CPU
		{F0F14D59-0767-420A-A81A-A123B55071EE}.Release|x64.Build.0 = Release|Any CPU
		{F0F14D59-0767-420A-A81A-A123B55071EE}.Release|x86.ActiveCfg = Release|Any CPU
		{F0F14D59-0767-420A-A81A-A123B55071EE}.Release|x86.Build.0 = Release|Any CPU
		{86C027D1-0F37-4830-A761-F2770E9A7629}.Debug|Any CPU.ActiveCfg = Debug|Any CPU
		{86C027D1-0F37-4830-A761-F2770E9A7629}.Debug|Any CPU.Build.0 = Debug|Any CPU
		{86C027D1-0F37-4830-A761-F2770E9A7629}.Debug|x64.ActiveCfg = Debug|Any CPU
		{86C027D1-0F37-4830-A761-F2770E9A7629}.Debug|x64.Build.0 = Debug|Any CPU
		{86C027D1-0F37-4830-A761-F2770E9A7629}.Debug|x86.ActiveCfg = Debug|Any CPU
		{86C027D1-0F37-4830-A761-F2770E9A7629}.Debug|x86.Build.0 = Debug|Any CPU
		{86C027D1-0F37-4830-A761-F2770E9A7629}.Release|Any CPU.ActiveCfg = Release|Any CPU
		{86C027D1-0F37-4830-A761-F2770E9A7629}.Release|Any CPU.Build.0 = Release|Any CPU
		{86C027D1-0F37-4830-A761-F2770E9A7629}.Release|x64.ActiveCfg = Release|Any CPU
		{86C027D1-0F37-4830-A761-F2770E9A7629}.Release|x64.Build.0 = Release|Any CPU
		{86C027D1-0F37-4830-A761-F2770E9A7629}.Release|x86.ActiveCfg = Release|Any CPU
		{86C027D1-0F37-4830-A761-F2770E9A7629}.Release|x86.Build.0 = Release|Any CPU
		{C3F42479-0B24-45D8-AE23-C023C40337E8}.Debug|Any CPU.ActiveCfg = Debug|Any CPU
		{C3F42479-0B24-45D8-AE23-C023C40337E8}.Debug|Any CPU.Build.0 = Debug|Any CPU
		{C3F42479-0B24-45D8-AE23-C023C40337E8}.Debug|x64.ActiveCfg = Debug|Any CPU
		{C3F42479-0B24-45D8-AE23-C023C40337E8}.Debug|x64.Build.0 = Debug|Any CPU
		{C3F42479-0B24-45D8-AE23-C023C40337E8}.Debug|x86.ActiveCfg = Debug|Any CPU
		{C3F42479-0B24-45D8-AE23-C023C40337E8}.Debug|x86.Build.0 = Debug|Any CPU
		{C3F42479-0B24-45D8-AE23-C023C40337E8}.Release|Any CPU.ActiveCfg = Release|Any CPU
		{C3F42479-0B24-45D8-AE23-C023C40337E8}.Release|Any CPU.Build.0 = Release|Any CPU
		{C3F42479-0B24-45D8-AE23-C023C40337E8}.Release|x64.ActiveCfg = Release|Any CPU
		{C3F42479-0B24-45D8-AE23-C023C40337E8}.Release|x64.Build.0 = Release|Any CPU
		{C3F42479-0B24-45D8-AE23-C023C40337E8}.Release|x86.ActiveCfg = Release|Any CPU
		{C3F42479-0B24-45D8-AE23-C023C40337E8}.Release|x86.Build.0 = Release|Any CPU
	EndGlobalSection
	GlobalSection(SolutionProperties) = preSolution
		HideSolutionNode = FALSE
	EndGlobalSection
	GlobalSection(NestedProjects) = preSolution
		{F0F14D59-0767-420A-A81A-A123B55071EE} = {042D85CE-8A29-41ED-ACBE-0305F61AABB4}
		{86C027D1-0F37-4830-A761-F2770E9A7629} = {042D85CE-8A29-41ED-ACBE-0305F61AABB4}
		{C3F42479-0B24-45D8-AE23-C023C40337E8} = {042D85CE-8A29-41ED-ACBE-0305F61AABB4}
		{54EEDE52-01A1-4A0A-BF4C-DAB8E0A24335} = {51438EEB-2BBB-49FB-9820-0B72D2B5A7EE}
	EndGlobalSection
	GlobalSection(ExtensibilityGlobals) = postSolution
		SolutionGuid = {316D0561-E078-49EF-81DD-03904995375A}
	EndGlobalSection
EndGlobal
