
Microsoft Visual Studio Solution File, Format Version 12.00
# Visual Studio 15
VisualStudioVersion = 15.0.27703.2042
MinimumVisualStudioVersion = 10.0.40219.1
Project("{FAE04EC0-301F-11D3-BF4B-00C04F79EFBC}") = "TestApp", "TestApp\TestApp.csproj", "{437B46F2-F8CF-4791-A3E6-2FD4ACFF5A18}"
EndProject
Project("{FAE04EC0-301F-11D3-BF4B-00C04F79EFBC}") = "ReflectedCast", "ReflectedCast\ReflectedCast.csproj", "{73C543CF-0056-42F5-902E-7DD5E58D46E6}"
EndProject
Global
	GlobalSection(SolutionConfigurationPlatforms) = preSolution
		Debug|Any CPU = Debug|Any CPU
		Release|Any CPU = Release|Any CPU
	EndGlobalSection
	GlobalSection(ProjectConfigurationPlatforms) = postSolution
		{437B46F2-F8CF-4791-A3E6-2FD4ACFF5A18}.Debug|Any CPU.ActiveCfg = Debug|Any CPU
		{437B46F2-F8CF-4791-A3E6-2FD4ACFF5A18}.Debug|Any CPU.Build.0 = Debug|Any CPU
		{437B46F2-F8CF-4791-A3E6-2FD4ACFF5A18}.Release|Any CPU.ActiveCfg = Release|Any CPU
		{437B46F2-F8CF-4791-A3E6-2FD4ACFF5A18}.Release|Any CPU.Build.0 = Release|Any CPU
		{73C543CF-0056-42F5-902E-7DD5E58D46E6}.Debug|Any CPU.ActiveCfg = Debug|Any CPU
		{73C543CF-0056-42F5-902E-7DD5E58D46E6}.Debug|Any CPU.Build.0 = Debug|Any CPU
		{73C543CF-0056-42F5-902E-7DD5E58D46E6}.Release|Any CPU.ActiveCfg = Release|Any CPU
		{73C543CF-0056-42F5-902E-7DD5E58D46E6}.Release|Any CPU.Build.0 = Release|Any CPU
	EndGlobalSection
	GlobalSection(SolutionProperties) = preSolution
		HideSolutionNode = FALSE
	EndGlobalSection
	GlobalSection(ExtensibilityGlobals) = postSolution
		SolutionGuid = {316D0561-E078-49EF-81DD-03904995375A}
	EndGlobalSection
EndGlobal
